# THIS IS AN AUTOGENERATED FILE. DO NOT EDIT THIS FILE DIRECTLY.
# yarn lockfile v1


"@nestjs/config@^4.0.2":
  version "4.0.2"
  resolved "https://registry.yarnpkg.com/@nestjs/config/-/config-4.0.2.tgz#a2777a1fd2d0d594bab3953f50fbca95c14cce52"
  integrity sha512-McMW6EXtpc8+CwTUwFdg6h7dYcBUpH5iUILCclAsa+MbCEvC9ZKu4dCHRlJqALuhjLw97pbQu62l4+wRwGeZqA==
  dependencies:
    dotenv "16.4.7"
    dotenv-expand "12.0.1"
    lodash "4.17.21"

"@nestjs/typeorm@^11.0.0":
  version "11.0.0"
  resolved "https://registry.yarnpkg.com/@nestjs/typeorm/-/typeorm-11.0.0.tgz#b0f45d6902396db89e0ac1f4e738c2ff3407b794"
  integrity sha512-SOeUQl70Lb2OfhGkvnh4KXWlsd+zA08RuuQgT7kKbzivngxzSo1Oc7Usu5VxCxACQC9wc2l9esOHILSJeK7rJA==

"@types/bcrypt@^6.0.0":
  version "6.0.0"
  resolved "https://registry.yarnpkg.com/@types/bcrypt/-/bcrypt-6.0.0.tgz#0d20587924663607fb59ae373d3d6fbc7b339a92"
  integrity sha512-/oJGukuH3D2+D+3H4JWLaAsJ/ji86dhRidzZ/Od7H/i8g+aCmvkeCc6Ni/f9uxGLSQVCRZkX2/lqEFG2BvWtlQ==
  dependencies:
    "@types/node" "*"

"@types/lodash@^4.17.20":
  version "4.17.20"
  resolved "https://registry.yarnpkg.com/@types/lodash/-/lodash-4.17.20.tgz#1ca77361d7363432d29f5e55950d9ec1e1c6ea93"
  integrity sha512-H3MHACvFUEiujabxhaI/ImO6gUrd8oOurg7LQtS7mbwIXA/cUqWrvBsaeJ23aZEPk1TAYkurjfMbSELfoCXlGA==

"@types/node@*":
  version "24.5.2"
  resolved "https://registry.yarnpkg.com/@types/node/-/node-24.5.2.tgz#52ceb83f50fe0fcfdfbd2a9fab6db2e9e7ef6446"
  integrity sha512-FYxk1I7wPv3K2XBaoyH2cTnocQEu8AOZ60hPbsyukMPLv5/5qr7V1i8PLHdl6Zf87I+xZXFvPCXYjiTFq+YSDQ==
  dependencies:
    undici-types "~7.12.0"

bcrypt@^6.0.0:
  version "6.0.0"
  resolved "https://registry.yarnpkg.com/bcrypt/-/bcrypt-6.0.0.tgz#86643fddde9bcd0ad91400b063003fa4b0312835"
  integrity sha512-cU8v/EGSrnH+HnxV2z0J7/blxH8gq7Xh2JFT6Aroax7UohdmiJJlxApMxtKfuI7z68NvvVcmR78k2LbT6efhRg==
  dependencies:
    node-addon-api "^8.3.0"
    node-gyp-build "^4.8.4"

dotenv-expand@12.0.1:
  version "12.0.1"
  resolved "https://registry.yarnpkg.com/dotenv-expand/-/dotenv-expand-12.0.1.tgz#44bdfa204a368100689ec35d7385755f599ceeb1"
  integrity sha512-LaKRbou8gt0RNID/9RoI+J2rvXsBRPMV7p+ElHlPhcSARbCPDYcYG2s1TIzAfWv4YSgyY5taidWzzs31lNV3yQ==
  dependencies:
    dotenv "^16.4.5"

dotenv@16.4.7:
  version "16.4.7"
  resolved "https://registry.yarnpkg.com/dotenv/-/dotenv-16.4.7.tgz#0e20c5b82950140aa99be360a8a5f52335f53c26"
  integrity sha512-47qPchRCykZC03FhkYAhrvwU4xDBFIj1QPqaarj6mdM/hgUzfPHcpkHJOn3mJAufFeeAxAzeGsr5X0M4k6fLZQ==

dotenv@^16.4.5:
  version "16.6.1"
  resolved "https://registry.yarnpkg.com/dotenv/-/dotenv-16.6.1.tgz#773f0e69527a8315c7285d5ee73c4459d20a8020"
  integrity sha512-uBq4egWHTcTt33a72vpSG0z3HnPuIl6NqYcTrKEg2azoEyl2hpW0zqlxysq2pK9HlDIHyHyakeYaYnSAwd8bow==

lodash@4.17.21, lodash@^4.17.21:
  version "4.17.21"
  resolved "https://registry.yarnpkg.com/lodash/-/lodash-4.17.21.tgz#679591c564c3bffaae8454cf0b3df370c3d6911c"
  integrity sha512-v2kDEe57lecTulaDIuNTPy3Ry4gLGJ6Z1O3vE1krgXZNrsQ+LFTGHVxVjcXPs17LhbZVGedAJv8XZ1tvj5FvSg==

node-addon-api@^8.3.0:
  version "8.5.0"
  resolved "https://registry.yarnpkg.com/node-addon-api/-/node-addon-api-8.5.0.tgz#c91b2d7682fa457d2e1c388150f0dff9aafb8f3f"
  integrity sha512-/bRZty2mXUIFY/xU5HLvveNHlswNJej+RnxBjOMkidWfwZzgTbPG1E3K5TOxRLOR+5hX7bSofy8yf1hZevMS8A==

node-gyp-build@^4.8.4:
  version "4.8.4"
  resolved "https://registry.yarnpkg.com/node-gyp-build/-/node-gyp-build-4.8.4.tgz#8a70ee85464ae52327772a90d66c6077a900cfc8"
  integrity sha512-LA4ZjwlnUblHVgq0oBF3Jl/6h/Nvs5fzBLwdEF4nuxnFdsfajde4WfxtJr3CaiH+F6ewcIB/q4jQ4UzPyid+CQ==

undici-types@~7.12.0:
  version "7.12.0"
  resolved "https://registry.yarnpkg.com/undici-types/-/undici-types-7.12.0.tgz#15c5c7475c2a3ba30659529f5cdb4674b622fafb"
  integrity sha512-goOacqME2GYyOZZfb5Lgtu+1IDmAlAEu5xnD3+xTzS10hT0vzpf0SPjkXwAw9Jm+4n/mQGDP3LO8CPbYROeBfQ==
